
Microsoft Visual Studio Solution File, Format Version 12.00
# Visual Studio Version 17
VisualStudioVersion = 17.6.33815.320
MinimumVisualStudioVersion = 10.0.40219.1
Project("{FAE04EC0-301F-11D3-BF4B-00C04F79EFBC}") = "CharacterCreation", "CharacterCreation.csproj", "{1880AAB8-949D-423B-92AC-D9EDB2E5AE02}"
EndProject
Global
	GlobalSection(SolutionConfigurationPlatforms) = preSolution
		Debug|Any CPU = Debug|Any CPU
		Release|Any CPU = Release|Any CPU
	EndGlobalSection
	GlobalSection(ProjectConfigurationPlatforms) = postSolution
		{1880AAB8-949D-423B-92AC-D9EDB2E5AE02}.Debug|Any CPU.ActiveCfg = Debug|Any CPU
		{1880AAB8-949D-423B-92AC-D9EDB2E5AE02}.Debug|Any CPU.Build.0 = Debug|Any CPU
		{1880AAB8-949D-423B-92AC-D9EDB2E5AE02}.Release|Any CPU.ActiveCfg = Release|Any CPU
		{1880AAB8-949D-423B-92AC-D9EDB2E5AE02}.Release|Any CPU.Build.0 = Release|Any CPU
	EndGlobalSection
	GlobalSection(SolutionProperties) = preSolution
		HideSolutionNode = FALSE
	EndGlobalSection
	GlobalSection(ExtensibilityGlobals) = postSolution
		SolutionGuid = {6FCA7223-F871-4F45-B2F1-741BA0988000}
	EndGlobalSection
EndGlobal
